
Microsoft Visual Studio Solution File, Format Version 12.00
# Visual Studio 15
VisualStudioVersion = 15.0.27428.2015
MinimumVisualStudioVersion = 10.0.40219.1
Project("{FAE04EC0-301F-11D3-BF4B-00C04F79EFBC}") = "dowloader", "dowloader\dowloader.csproj", "{787BFDC8-11CB-412C-A10C-675D97C24875}"
EndProject
Global
	GlobalSection(SolutionConfigurationPlatforms) = preSolution
		Debug|Any CPU = Debug|Any CPU
		Release|Any CPU = Release|Any CPU
	EndGlobalSection
	GlobalSection(ProjectConfigurationPlatforms) = postSolution
		{787BFDC8-11CB-412C-A10C-675D97C24875}.Debug|Any CPU.ActiveCfg = Debug|Any CPU
		{787BFDC8-11CB-412C-A10C-675D97C24875}.Debug|Any CPU.Build.0 = Debug|Any CPU
		{787BFDC8-11CB-412C-A10C-675D97C24875}.Release|Any CPU.ActiveCfg = Release|Any CPU
		{787BFDC8-11CB-412C-A10C-675D97C24875}.Release|Any CPU.Build.0 = Release|Any CPU
	EndGlobalSection
	GlobalSection(SolutionProperties) = preSolution
		HideSolutionNode = FALSE
	EndGlobalSection
	GlobalSection(ExtensibilityGlobals) = postSolution
		SolutionGuid = {657543DD-BB07-4A47-8175-D4DF7038E88D}
	EndGlobalSection
EndGlobal
